
Microsoft Visual Studio Solution File, Format Version 12.00
# Visual Studio Version 16
VisualStudioVersion = 16.0.31702.278
MinimumVisualStudioVersion = 10.0.40219.1
Project("{8BC9CEB8-8B4A-11D0-8D11-00A0C91BC942}") = "calculate_function", "calculate_function\calculate_function.vcxproj", "{3989CB6C-46F5-4BBD-A2CF-20F02E9AB8F1}"
EndProject
Global
	GlobalSection(SolutionConfigurationPlatforms) = preSolution
		Debug|x64 = Debug|x64
		Debug|x86 = Debug|x86
		Release|x64 = Release|x64
		Release|x86 = Release|x86
	EndGlobalSection
	GlobalSection(ProjectConfigurationPlatforms) = postSolution
		{3989CB6C-46F5-4BBD-A2CF-20F02E9AB8F1}.Debug|x64.ActiveCfg = Debug|x64
		{3989CB6C-46F5-4BBD-A2CF-20F02E9AB8F1}.Debug|x64.Build.0 = Debug|x64
		{3989CB6C-46F5-4BBD-A2CF-20F02E9AB8F1}.Debug|x86.ActiveCfg = Debug|Win32
		{3989CB6C-46F5-4BBD-A2CF-20F02E9AB8F1}.Debug|x86.Build.0 = Debug|Win32
		{3989CB6C-46F5-4BBD-A2CF-20F02E9AB8F1}.Release|x64.ActiveCfg = Release|x64
		{3989CB6C-46F5-4BBD-A2CF-20F02E9AB8F1}.Release|x64.Build.0 = Release|x64
		{3989CB6C-46F5-4BBD-A2CF-20F02E9AB8F1}.Release|x86.ActiveCfg = Release|Win32
		{3989CB6C-46F5-4BBD-A2CF-20F02E9AB8F1}.Release|x86.Build.0 = Release|Win32
	EndGlobalSection
	GlobalSection(SolutionProperties) = preSolution
		HideSolutionNode = FALSE
	EndGlobalSection
	GlobalSection(ExtensibilityGlobals) = postSolution
		SolutionGuid = {78A48DC9-BFC3-452F-BBAF-F0336B8BB2C9}
	EndGlobalSection
EndGlobal
